// !$*UTF8*$!
{
	archiveVersion = 1;
	classes = {
	};
	objectVersion = 56;
	objects = {

/* Begin PBXBuildFile section */
		2C805A7C2937D0A200D0326F /* AppRouter.swift in Sources */ = {isa = PBXBuildFile; fileRef = 2C805A7B2937D0A200D0326F /* AppRouter.swift */; };
		2C805A7E2937D31D00D0326F /* FCStateView.swift in Sources */ = {isa = PBXBuildFile; fileRef = 2C805A7D2937D31D00D0326F /* FCStateView.swift */; };
		2C805A802937D36400D0326F /* FCTitleLabel.swift in Sources */ = {isa = PBXBuildFile; fileRef = 2C805A7F2937D36400D0326F /* FCTitleLabel.swift */; };
		2C805A832937D3B300D0326F /* UIView+Ext.swift in Sources */ = {isa = PBXBuildFile; fileRef = 2C805A822937D3B300D0326F /* UIView+Ext.swift */; };
		2C805A852937DB0000D0326F /* UIViewController+Ext.swift in Sources */ = {isa = PBXBuildFile; fileRef = 2C805A842937DB0000D0326F /* UIViewController+Ext.swift */; };
		2CB2B9DC29367E4C00C71FD3 /* AppDelegate.swift in Sources */ = {isa = PBXBuildFile; fileRef = 2CB2B9DB29367E4C00C71FD3 /* AppDelegate.swift */; };
		2CB2B9DE29367E4C00C71FD3 /* SceneDelegate.swift in Sources */ = {isa = PBXBuildFile; fileRef = 2CB2B9DD29367E4C00C71FD3 /* SceneDelegate.swift */; };
		2CB2B9E529367E4E00C71FD3 /* Assets.xcassets in Resources */ = {isa = PBXBuildFile; fileRef = 2CB2B9E429367E4E00C71FD3 /* Assets.xcassets */; };
		2CB2B9E829367E4E00C71FD3 /* LaunchScreen.storyboard in Resources */ = {isa = PBXBuildFile; fileRef = 2CB2B9E629367E4E00C71FD3 /* LaunchScreen.storyboard */; };
		2CB2B9F329367E4E00C71FD3 /* FocusieTests.swift in Sources */ = {isa = PBXBuildFile; fileRef = 2CB2B9F229367E4E00C71FD3 /* FocusieTests.swift */; };
		2CB2BA132936908800C71FD3 /* HomeVC.swift in Sources */ = {isa = PBXBuildFile; fileRef = 2CB2BA122936908800C71FD3 /* HomeVC.swift */; };
		2CB2BA152936908F00C71FD3 /* HomeViewModel.swift in Sources */ = {isa = PBXBuildFile; fileRef = 2CB2BA142936908F00C71FD3 /* HomeViewModel.swift */; };
		2CB2BA17293690CA00C71FD3 /* HomeContracts.swift in Sources */ = {isa = PBXBuildFile; fileRef = 2CB2BA16293690CA00C71FD3 /* HomeContracts.swift */; };
		2CB2BA1929369E1400C71FD3 /* HomeVCBuilder.swift in Sources */ = {isa = PBXBuildFile; fileRef = 2CB2BA1829369E1400C71FD3 /* HomeVCBuilder.swift */; };
		2CB2BA1B29369F0000C71FD3 /* FCTimeLabel.swift in Sources */ = {isa = PBXBuildFile; fileRef = 2CB2BA1A29369F0000C71FD3 /* FCTimeLabel.swift */; };
		2CB2BA1D2936B10400C71FD3 /* FCActionButton.swift in Sources */ = {isa = PBXBuildFile; fileRef = 2CB2BA1C2936B10400C71FD3 /* FCActionButton.swift */; };
		2CEE73AF2938953900EDB109 /* AudioManager.swift in Sources */ = {isa = PBXBuildFile; fileRef = 2CEE73AE2938953900EDB109 /* AudioManager.swift */; };
		2CEE73B329389FA300EDB109 /* break1.mp3 in Resources */ = {isa = PBXBuildFile; fileRef = 2CEE73B129389FA300EDB109 /* break1.mp3 */; };
		2CEE73B429389FA300EDB109 /* break2.mp3 in Resources */ = {isa = PBXBuildFile; fileRef = 2CEE73B229389FA300EDB109 /* break2.mp3 */; };
		2CEE73B92938A17C00EDB109 /* forestBackground.mp3 in Resources */ = {isa = PBXBuildFile; fileRef = 2CEE73B62938A17C00EDB109 /* forestBackground.mp3 */; };
		2CEE73BA2938A17C00EDB109 /* cafeBackground.mp3 in Resources */ = {isa = PBXBuildFile; fileRef = 2CEE73B72938A17C00EDB109 /* cafeBackground.mp3 */; };
		2CEE73BB2938A17C00EDB109 /* pianoBackground.mp3 in Resources */ = {isa = PBXBuildFile; fileRef = 2CEE73B82938A17C00EDB109 /* pianoBackground.mp3 */; };
		2CEE73BD2938A52800EDB109 /* AudioTypes.swift in Sources */ = {isa = PBXBuildFile; fileRef = 2CEE73BC2938A52800EDB109 /* AudioTypes.swift */; };
		2CEE73BF2938A6DD00EDB109 /* SettingsVCBuilder.swift in Sources */ = {isa = PBXBuildFile; fileRef = 2CEE73BE2938A6DD00EDB109 /* SettingsVCBuilder.swift */; };
		2CEE73C12938A6FB00EDB109 /* SettingsVC.swift in Sources */ = {isa = PBXBuildFile; fileRef = 2CEE73C02938A6FB00EDB109 /* SettingsVC.swift */; };
		2CEE73C32938A74800EDB109 /* SettingsContracts.swift in Sources */ = {isa = PBXBuildFile; fileRef = 2CEE73C22938A74800EDB109 /* SettingsContracts.swift */; };
		2CEE73C52938A81E00EDB109 /* SettingsViewModel.swift in Sources */ = {isa = PBXBuildFile; fileRef = 2CEE73C42938A81E00EDB109 /* SettingsViewModel.swift */; };
		2CEE73C72938B2D700EDB109 /* FCSliderView.swift in Sources */ = {isa = PBXBuildFile; fileRef = 2CEE73C62938B2D700EDB109 /* FCSliderView.swift */; };
/* End PBXBuildFile section */

/* Begin PBXContainerItemProxy section */
		2CB2B9EF29367E4E00C71FD3 /* PBXContainerItemProxy */ = {
			isa = PBXContainerItemProxy;
			containerPortal = 2CB2B9D029367E4C00C71FD3 /* Project object */;
			proxyType = 1;
			remoteGlobalIDString = 2CB2B9D729367E4C00C71FD3;
			remoteInfo = Focusie;
		};
/* End PBXContainerItemProxy section */

/* Begin PBXFileReference section */
		2C805A7B2937D0A200D0326F /* AppRouter.swift */ = {isa = PBXFileReference; lastKnownFileType = sourcecode.swift; path = AppRouter.swift; sourceTree = "<group>"; };
		2C805A7D2937D31D00D0326F /* FCStateView.swift */ = {isa = PBXFileReference; lastKnownFileType = sourcecode.swift; path = FCStateView.swift; sourceTree = "<group>"; };
		2C805A7F2937D36400D0326F /* FCTitleLabel.swift */ = {isa = PBXFileReference; lastKnownFileType = sourcecode.swift; path = FCTitleLabel.swift; sourceTree = "<group>"; };
		2C805A822937D3B300D0326F /* UIView+Ext.swift */ = {isa = PBXFileReference; lastKnownFileType = sourcecode.swift; path = "UIView+Ext.swift"; sourceTree = "<group>"; };
		2C805A842937DB0000D0326F /* UIViewController+Ext.swift */ = {isa = PBXFileReference; lastKnownFileType = sourcecode.swift; path = "UIViewController+Ext.swift"; sourceTree = "<group>"; };
		2CB2B9D829367E4C00C71FD3 /* Focusie.app */ = {isa = PBXFileReference; explicitFileType = wrapper.application; includeInIndex = 0; path = Focusie.app; sourceTree = BUILT_PRODUCTS_DIR; };
		2CB2B9DB29367E4C00C71FD3 /* AppDelegate.swift */ = {isa = PBXFileReference; lastKnownFileType = sourcecode.swift; path = AppDelegate.swift; sourceTree = "<group>"; };
		2CB2B9DD29367E4C00C71FD3 /* SceneDelegate.swift */ = {isa = PBXFileReference; lastKnownFileType = sourcecode.swift; path = SceneDelegate.swift; sourceTree = "<group>"; };
		2CB2B9E429367E4E00C71FD3 /* Assets.xcassets */ = {isa = PBXFileReference; lastKnownFileType = folder.assetcatalog; path = Assets.xcassets; sourceTree = "<group>"; };
		2CB2B9E729367E4E00C71FD3 /* Base */ = {isa = PBXFileReference; lastKnownFileType = file.storyboard; name = Base; path = Base.lproj/LaunchScreen.storyboard; sourceTree = "<group>"; };
		2CB2B9E929367E4E00C71FD3 /* Info.plist */ = {isa = PBXFileReference; lastKnownFileType = text.plist.xml; path = Info.plist; sourceTree = "<group>"; };
		2CB2B9EE29367E4E00C71FD3 /* FocusieTests.xctest */ = {isa = PBXFileReference; explicitFileType = wrapper.cfbundle; includeInIndex = 0; path = FocusieTests.xctest; sourceTree = BUILT_PRODUCTS_DIR; };
		2CB2B9F229367E4E00C71FD3 /* FocusieTests.swift */ = {isa = PBXFileReference; lastKnownFileType = sourcecode.swift; path = FocusieTests.swift; sourceTree = "<group>"; };
		2CB2BA122936908800C71FD3 /* HomeVC.swift */ = {isa = PBXFileReference; lastKnownFileType = sourcecode.swift; path = HomeVC.swift; sourceTree = "<group>"; };
		2CB2BA142936908F00C71FD3 /* HomeViewModel.swift */ = {isa = PBXFileReference; lastKnownFileType = sourcecode.swift; path = HomeViewModel.swift; sourceTree = "<group>"; };
		2CB2BA16293690CA00C71FD3 /* HomeContracts.swift */ = {isa = PBXFileReference; lastKnownFileType = sourcecode.swift; path = HomeContracts.swift; sourceTree = "<group>"; };
		2CB2BA1829369E1400C71FD3 /* HomeVCBuilder.swift */ = {isa = PBXFileReference; lastKnownFileType = sourcecode.swift; path = HomeVCBuilder.swift; sourceTree = "<group>"; };
		2CB2BA1A29369F0000C71FD3 /* FCTimeLabel.swift */ = {isa = PBXFileReference; lastKnownFileType = sourcecode.swift; path = FCTimeLabel.swift; sourceTree = "<group>"; };
		2CB2BA1C2936B10400C71FD3 /* FCActionButton.swift */ = {isa = PBXFileReference; lastKnownFileType = sourcecode.swift; path = FCActionButton.swift; sourceTree = "<group>"; };
		2CEE73AE2938953900EDB109 /* AudioManager.swift */ = {isa = PBXFileReference; lastKnownFileType = sourcecode.swift; path = AudioManager.swift; sourceTree = "<group>"; };
		2CEE73B129389FA300EDB109 /* break1.mp3 */ = {isa = PBXFileReference; lastKnownFileType = audio.mp3; path = break1.mp3; sourceTree = "<group>"; };
		2CEE73B229389FA300EDB109 /* break2.mp3 */ = {isa = PBXFileReference; lastKnownFileType = audio.mp3; path = break2.mp3; sourceTree = "<group>"; };
		2CEE73B62938A17C00EDB109 /* forestBackground.mp3 */ = {isa = PBXFileReference; lastKnownFileType = audio.mp3; path = forestBackground.mp3; sourceTree = "<group>"; };
		2CEE73B72938A17C00EDB109 /* cafeBackground.mp3 */ = {isa = PBXFileReference; lastKnownFileType = audio.mp3; path = cafeBackground.mp3; sourceTree = "<group>"; };
		2CEE73B82938A17C00EDB109 /* pianoBackground.mp3 */ = {isa = PBXFileReference; lastKnownFileType = audio.mp3; path = pianoBackground.mp3; sourceTree = "<group>"; };
		2CEE73BC2938A52800EDB109 /* AudioTypes.swift */ = {isa = PBXFileReference; lastKnownFileType = sourcecode.swift; path = AudioTypes.swift; sourceTree = "<group>"; };
		2CEE73BE2938A6DD00EDB109 /* SettingsVCBuilder.swift */ = {isa = PBXFileReference; lastKnownFileType = sourcecode.swift; path = SettingsVCBuilder.swift; sourceTree = "<group>"; };
		2CEE73C02938A6FB00EDB109 /* SettingsVC.swift */ = {isa = PBXFileReference; lastKnownFileType = sourcecode.swift; path = SettingsVC.swift; sourceTree = "<group>"; };
		2CEE73C22938A74800EDB109 /* SettingsContracts.swift */ = {isa = PBXFileReference; lastKnownFileType = sourcecode.swift; path = SettingsContracts.swift; sourceTree = "<group>"; };
		2CEE73C42938A81E00EDB109 /* SettingsViewModel.swift */ = {isa = PBXFileReference; lastKnownFileType = sourcecode.swift; path = SettingsViewModel.swift; sourceTree = "<group>"; };
		2CEE73C62938B2D700EDB109 /* FCSliderView.swift */ = {isa = PBXFileReference; lastKnownFileType = sourcecode.swift; path = FCSliderView.swift; sourceTree = "<group>"; };
/* End PBXFileReference section */

/* Begin PBXFrameworksBuildPhase section */
		2CB2B9D529367E4C00C71FD3 /* Frameworks */ = {
			isa = PBXFrameworksBuildPhase;
			buildActionMask = 2147483647;
			files = (
			);
			runOnlyForDeploymentPostprocessing = 0;
		};
		2CB2B9EB29367E4E00C71FD3 /* Frameworks */ = {
			isa = PBXFrameworksBuildPhase;
			buildActionMask = 2147483647;
			files = (
			);
			runOnlyForDeploymentPostprocessing = 0;
		};
/* End PBXFrameworksBuildPhase section */

/* Begin PBXGroup section */
		2C805A7A2937D09C00D0326F /* App */ = {
			isa = PBXGroup;
			children = (
				2C805A7B2937D0A200D0326F /* AppRouter.swift */,
			);
			path = App;
			sourceTree = "<group>";
		};
		2C805A812937D3A300D0326F /* Extensions */ = {
			isa = PBXGroup;
			children = (
				2C805A822937D3B300D0326F /* UIView+Ext.swift */,
				2C805A842937DB0000D0326F /* UIViewController+Ext.swift */,
			);
			path = Extensions;
			sourceTree = "<group>";
		};
		2CB2B9CF29367E4C00C71FD3 = {
			isa = PBXGroup;
			children = (
				2CB2B9DA29367E4C00C71FD3 /* Focusie */,
				2CB2B9F129367E4E00C71FD3 /* FocusieTests */,
				2CB2B9D929367E4C00C71FD3 /* Products */,
			);
			sourceTree = "<group>";
		};
		2CB2B9D929367E4C00C71FD3 /* Products */ = {
			isa = PBXGroup;
			children = (
				2CB2B9D829367E4C00C71FD3 /* Focusie.app */,
				2CB2B9EE29367E4E00C71FD3 /* FocusieTests.xctest */,
			);
			name = Products;
			sourceTree = "<group>";
		};
		2CB2B9DA29367E4C00C71FD3 /* Focusie */ = {
			isa = PBXGroup;
			children = (
				2CB2BA0B29368FAE00C71FD3 /* Core */,
				2C805A7A2937D09C00D0326F /* App */,
				2CB2BA0F2936901C00C71FD3 /* Helpers */,
				2C805A812937D3A300D0326F /* Extensions */,
				2CEE73AD2938951F00EDB109 /* Managers */,
				2CB2BA0C29368FCA00C71FD3 /* Model */,
				2CB2BA0E2936901200C71FD3 /* Custom Views */,
				2CB2BA0D29368FDB00C71FD3 /* Screens */,
				2CEE73B0293895C300EDB109 /* Sounds */,
				2CB2B9E929367E4E00C71FD3 /* Info.plist */,
			);
			path = Focusie;
			sourceTree = "<group>";
		};
		2CB2B9F129367E4E00C71FD3 /* FocusieTests */ = {
			isa = PBXGroup;
			children = (
				2CB2B9F229367E4E00C71FD3 /* FocusieTests.swift */,
			);
			path = FocusieTests;
			sourceTree = "<group>";
		};
		2CB2BA0B29368FAE00C71FD3 /* Core */ = {
			isa = PBXGroup;
			children = (
				2CB2B9DB29367E4C00C71FD3 /* AppDelegate.swift */,
				2CB2B9DD29367E4C00C71FD3 /* SceneDelegate.swift */,
				2CB2B9E429367E4E00C71FD3 /* Assets.xcassets */,
				2CB2B9E629367E4E00C71FD3 /* LaunchScreen.storyboard */,
			);
			path = Core;
			sourceTree = "<group>";
		};
		2CB2BA0C29368FCA00C71FD3 /* Model */ = {
			isa = PBXGroup;
			children = (
			);
			path = Model;
			sourceTree = "<group>";
		};
		2CB2BA0D29368FDB00C71FD3 /* Screens */ = {
			isa = PBXGroup;
			children = (
				2CB2BA102936903600C71FD3 /* Home */,
				2CB2BA112936907200C71FD3 /* Settings */,
			);
			path = Screens;
			sourceTree = "<group>";
		};
		2CB2BA0E2936901200C71FD3 /* Custom Views */ = {
			isa = PBXGroup;
			children = (
				2CB2BA1A29369F0000C71FD3 /* FCTimeLabel.swift */,
				2CB2BA1C2936B10400C71FD3 /* FCActionButton.swift */,
				2C805A7D2937D31D00D0326F /* FCStateView.swift */,
				2C805A7F2937D36400D0326F /* FCTitleLabel.swift */,
				2CEE73C62938B2D700EDB109 /* FCSliderView.swift */,
			);
			path = "Custom Views";
			sourceTree = "<group>";
		};
		2CB2BA0F2936901C00C71FD3 /* Helpers */ = {
			isa = PBXGroup;
			children = (
			);
			path = Helpers;
			sourceTree = "<group>";
		};
		2CB2BA102936903600C71FD3 /* Home */ = {
			isa = PBXGroup;
			children = (
				2CB2BA1829369E1400C71FD3 /* HomeVCBuilder.swift */,
				2CB2BA16293690CA00C71FD3 /* HomeContracts.swift */,
				2CB2BA122936908800C71FD3 /* HomeVC.swift */,
				2CB2BA142936908F00C71FD3 /* HomeViewModel.swift */,
			);
			path = Home;
			sourceTree = "<group>";
		};
		2CB2BA112936907200C71FD3 /* Settings */ = {
			isa = PBXGroup;
			children = (
				2CEE73BE2938A6DD00EDB109 /* SettingsVCBuilder.swift */,
				2CEE73C02938A6FB00EDB109 /* SettingsVC.swift */,
				2CEE73C22938A74800EDB109 /* SettingsContracts.swift */,
				2CEE73C42938A81E00EDB109 /* SettingsViewModel.swift */,
			);
			path = Settings;
			sourceTree = "<group>";
		};
		2CEE73AD2938951F00EDB109 /* Managers */ = {
			isa = PBXGroup;
			children = (
				2CEE73AE2938953900EDB109 /* AudioManager.swift */,
				2CEE73BC2938A52800EDB109 /* AudioTypes.swift */,
			);
			path = Managers;
			sourceTree = "<group>";
		};
		2CEE73B0293895C300EDB109 /* Sounds */ = {
			isa = PBXGroup;
			children = (
				2CEE73B52938A17C00EDB109 /* Background */,
				2CEE73B129389FA300EDB109 /* break1.mp3 */,
				2CEE73B229389FA300EDB109 /* break2.mp3 */,
			);
			path = Sounds;
			sourceTree = "<group>";
		};
		2CEE73B52938A17C00EDB109 /* Background */ = {
			isa = PBXGroup;
			children = (
				2CEE73B62938A17C00EDB109 /* forestBackground.mp3 */,
				2CEE73B72938A17C00EDB109 /* cafeBackground.mp3 */,
				2CEE73B82938A17C00EDB109 /* pianoBackground.mp3 */,
			);
			path = Background;
			sourceTree = "<group>";
		};
/* End PBXGroup section */

/* Begin PBXNativeTarget section */
		2CB2B9D729367E4C00C71FD3 /* Focusie */ = {
			isa = PBXNativeTarget;
			buildConfigurationList = 2CB2BA0229367E4E00C71FD3 /* Build configuration list for PBXNativeTarget "Focusie" */;
			buildPhases = (
				2CB2B9D429367E4C00C71FD3 /* Sources */,
				2CB2B9D529367E4C00C71FD3 /* Frameworks */,
				2CB2B9D629367E4C00C71FD3 /* Resources */,
			);
			buildRules = (
			);
			dependencies = (
			);
			name = Focusie;
			productName = Focusie;
			productReference = 2CB2B9D829367E4C00C71FD3 /* Focusie.app */;
			productType = "com.apple.product-type.application";
		};
		2CB2B9ED29367E4E00C71FD3 /* FocusieTests */ = {
			isa = PBXNativeTarget;
			buildConfigurationList = 2CB2BA0529367E4E00C71FD3 /* Build configuration list for PBXNativeTarget "FocusieTests" */;
			buildPhases = (
				2CB2B9EA29367E4E00C71FD3 /* Sources */,
				2CB2B9EB29367E4E00C71FD3 /* Frameworks */,
				2CB2B9EC29367E4E00C71FD3 /* Resources */,
			);
			buildRules = (
			);
			dependencies = (
				2CB2B9F029367E4E00C71FD3 /* PBXTargetDependency */,
			);
			name = FocusieTests;
			productName = FocusieTests;
			productReference = 2CB2B9EE29367E4E00C71FD3 /* FocusieTests.xctest */;
			productType = "com.apple.product-type.bundle.unit-test";
		};
/* End PBXNativeTarget section */

/* Begin PBXProject section */
		2CB2B9D029367E4C00C71FD3 /* Project object */ = {
			isa = PBXProject;
			attributes = {
				BuildIndependentTargetsInParallel = 1;
				LastSwiftUpdateCheck = 1410;
				LastUpgradeCheck = 1410;
				TargetAttributes = {
					2CB2B9D729367E4C00C71FD3 = {
						CreatedOnToolsVersion = 14.1;
					};
					2CB2B9ED29367E4E00C71FD3 = {
						CreatedOnToolsVersion = 14.1;
						TestTargetID = 2CB2B9D729367E4C00C71FD3;
					};
				};
			};
			buildConfigurationList = 2CB2B9D329367E4C00C71FD3 /* Build configuration list for PBXProject "Focusie" */;
			compatibilityVersion = "Xcode 14.0";
			developmentRegion = en;
			hasScannedForEncodings = 0;
			knownRegions = (
				en,
				Base,
			);
			mainGroup = 2CB2B9CF29367E4C00C71FD3;
			productRefGroup = 2CB2B9D929367E4C00C71FD3 /* Products */;
			projectDirPath = "";
			projectRoot = "";
			targets = (
				2CB2B9D729367E4C00C71FD3 /* Focusie */,
				2CB2B9ED29367E4E00C71FD3 /* FocusieTests */,
			);
		};
/* End PBXProject section */

/* Begin PBXResourcesBuildPhase section */
		2CB2B9D629367E4C00C71FD3 /* Resources */ = {
			isa = PBXResourcesBuildPhase;
			buildActionMask = 2147483647;
			files = (
				2CEE73B329389FA300EDB109 /* break1.mp3 in Resources */,
				2CEE73BB2938A17C00EDB109 /* pianoBackground.mp3 in Resources */,
				2CEE73B92938A17C00EDB109 /* forestBackground.mp3 in Resources */,
				2CB2B9E829367E4E00C71FD3 /* LaunchScreen.storyboard in Resources */,
				2CEE73BA2938A17C00EDB109 /* cafeBackground.mp3 in Resources */,
				2CB2B9E529367E4E00C71FD3 /* Assets.xcassets in Resources */,
				2CEE73B429389FA300EDB109 /* break2.mp3 in Resources */,
			);
			runOnlyForDeploymentPostprocessing = 0;
		};
		2CB2B9EC29367E4E00C71FD3 /* Resources */ = {
			isa = PBXResourcesBuildPhase;
			buildActionMask = 2147483647;
			files = (
			);
			runOnlyForDeploymentPostprocessing = 0;
		};
/* End PBXResourcesBuildPhase section */

/* Begin PBXSourcesBuildPhase section */
		2CB2B9D429367E4C00C71FD3 /* Sources */ = {
			isa = PBXSourcesBuildPhase;
			buildActionMask = 2147483647;
			files = (
				2CEE73C12938A6FB00EDB109 /* SettingsVC.swift in Sources */,
				2CB2BA17293690CA00C71FD3 /* HomeContracts.swift in Sources */,
				2C805A852937DB0000D0326F /* UIViewController+Ext.swift in Sources */,
				2C805A802937D36400D0326F /* FCTitleLabel.swift in Sources */,
				2CEE73C32938A74800EDB109 /* SettingsContracts.swift in Sources */,
				2CEE73C52938A81E00EDB109 /* SettingsViewModel.swift in Sources */,
				2CEE73BF2938A6DD00EDB109 /* SettingsVCBuilder.swift in Sources */,
				2C805A7E2937D31D00D0326F /* FCStateView.swift in Sources */,
				2CB2BA1929369E1400C71FD3 /* HomeVCBuilder.swift in Sources */,
				2CB2BA1D2936B10400C71FD3 /* FCActionButton.swift in Sources */,
				2CEE73BD2938A52800EDB109 /* AudioTypes.swift in Sources */,
				2CB2BA1B29369F0000C71FD3 /* FCTimeLabel.swift in Sources */,
				2CB2BA132936908800C71FD3 /* HomeVC.swift in Sources */,
				2CEE73C72938B2D700EDB109 /* FCSliderView.swift in Sources */,
				2CEE73AF2938953900EDB109 /* AudioManager.swift in Sources */,
				2C805A7C2937D0A200D0326F /* AppRouter.swift in Sources */,
				2C805A832937D3B300D0326F /* UIView+Ext.swift in Sources */,
				2CB2B9DC29367E4C00C71FD3 /* AppDelegate.swift in Sources */,
				2CB2B9DE29367E4C00C71FD3 /* SceneDelegate.swift in Sources */,
				2CB2BA152936908F00C71FD3 /* HomeViewModel.swift in Sources */,
			);
			runOnlyForDeploymentPostprocessing = 0;
		};
		2CB2B9EA29367E4E00C71FD3 /* Sources */ = {
			isa = PBXSourcesBuildPhase;
			buildActionMask = 2147483647;
			files = (
				2CB2B9F329367E4E00C71FD3 /* FocusieTests.swift in Sources */,
			);
			runOnlyForDeploymentPostprocessing = 0;
		};
/* End PBXSourcesBuildPhase section */

/* Begin PBXTargetDependency section */
		2CB2B9F029367E4E00C71FD3 /* PBXTargetDependency */ = {
			isa = PBXTargetDependency;
			target = 2CB2B9D729367E4C00C71FD3 /* Focusie */;
			targetProxy = 2CB2B9EF29367E4E00C71FD3 /* PBXContainerItemProxy */;
		};
/* End PBXTargetDependency section */

/* Begin PBXVariantGroup section */
		2CB2B9E629367E4E00C71FD3 /* LaunchScreen.storyboard */ = {
			isa = PBXVariantGroup;
			children = (
				2CB2B9E729367E4E00C71FD3 /* Base */,
			);
			name = LaunchScreen.storyboard;
			sourceTree = "<group>";
		};
/* End PBXVariantGroup section */

/* Begin XCBuildConfiguration section */
		2CB2BA0029367E4E00C71FD3 /* Debug */ = {
			isa = XCBuildConfiguration;
			buildSettings = {
				ALWAYS_SEARCH_USER_PATHS = NO;
				CLANG_ANALYZER_NONNULL = YES;
				CLANG_ANALYZER_NUMBER_OBJECT_CONVERSION = YES_AGGRESSIVE;
				CLANG_CXX_LANGUAGE_STANDARD = "gnu++20";
				CLANG_ENABLE_MODULES = YES;
				CLANG_ENABLE_OBJC_ARC = YES;
				CLANG_ENABLE_OBJC_WEAK = YES;
				CLANG_WARN_BLOCK_CAPTURE_AUTORELEASING = YES;
				CLANG_WARN_BOOL_CONVERSION = YES;
				CLANG_WARN_COMMA = YES;
				CLANG_WARN_CONSTANT_CONVERSION = YES;
				CLANG_WARN_DEPRECATED_OBJC_IMPLEMENTATIONS = YES;
				CLANG_WARN_DIRECT_OBJC_ISA_USAGE = YES_ERROR;
				CLANG_WARN_DOCUMENTATION_COMMENTS = YES;
				CLANG_WARN_EMPTY_BODY = YES;
				CLANG_WARN_ENUM_CONVERSION = YES;
				CLANG_WARN_INFINITE_RECURSION = YES;
				CLANG_WARN_INT_CONVERSION = YES;
				CLANG_WARN_NON_LITERAL_NULL_CONVERSION = YES;
				CLANG_WARN_OBJC_IMPLICIT_RETAIN_SELF = YES;
				CLANG_WARN_OBJC_LITERAL_CONVERSION = YES;
				CLANG_WARN_OBJC_ROOT_CLASS = YES_ERROR;
				CLANG_WARN_QUOTED_INCLUDE_IN_FRAMEWORK_HEADER = YES;
				CLANG_WARN_RANGE_LOOP_ANALYSIS = YES;
				CLANG_WARN_STRICT_PROTOTYPES = YES;
				CLANG_WARN_SUSPICIOUS_MOVE = YES;
				CLANG_WARN_UNGUARDED_AVAILABILITY = YES_AGGRESSIVE;
				CLANG_WARN_UNREACHABLE_CODE = YES;
				CLANG_WARN__DUPLICATE_METHOD_MATCH = YES;
				COPY_PHASE_STRIP = NO;
				DEBUG_INFORMATION_FORMAT = dwarf;
				ENABLE_STRICT_OBJC_MSGSEND = YES;
				ENABLE_TESTABILITY = YES;
				GCC_C_LANGUAGE_STANDARD = gnu11;
				GCC_DYNAMIC_NO_PIC = NO;
				GCC_NO_COMMON_BLOCKS = YES;
				GCC_OPTIMIZATION_LEVEL = 0;
				GCC_PREPROCESSOR_DEFINITIONS = (
					"DEBUG=1",
					"$(inherited)",
				);
				GCC_WARN_64_TO_32_BIT_CONVERSION = YES;
				GCC_WARN_ABOUT_RETURN_TYPE = YES_ERROR;
				GCC_WARN_UNDECLARED_SELECTOR = YES;
				GCC_WARN_UNINITIALIZED_AUTOS = YES_AGGRESSIVE;
				GCC_WARN_UNUSED_FUNCTION = YES;
				GCC_WARN_UNUSED_VARIABLE = YES;
				IPHONEOS_DEPLOYMENT_TARGET = 16.1;
				MTL_ENABLE_DEBUG_INFO = INCLUDE_SOURCE;
				MTL_FAST_MATH = YES;
				ONLY_ACTIVE_ARCH = YES;
				SDKROOT = iphoneos;
				SWIFT_ACTIVE_COMPILATION_CONDITIONS = DEBUG;
				SWIFT_OPTIMIZATION_LEVEL = "-Onone";
			};
			name = Debug;
		};
		2CB2BA0129367E4E00C71FD3 /* Release */ = {
			isa = XCBuildConfiguration;
			buildSettings = {
				ALWAYS_SEARCH_USER_PATHS = NO;
				CLANG_ANALYZER_NONNULL = YES;
				CLANG_ANALYZER_NUMBER_OBJECT_CONVERSION = YES_AGGRESSIVE;
				CLANG_CXX_LANGUAGE_STANDARD = "gnu++20";
				CLANG_ENABLE_MODULES = YES;
				CLANG_ENABLE_OBJC_ARC = YES;
				CLANG_ENABLE_OBJC_WEAK = YES;
				CLANG_WARN_BLOCK_CAPTURE_AUTORELEASING = YES;
				CLANG_WARN_BOOL_CONVERSION = YES;
				CLANG_WARN_COMMA = YES;
				CLANG_WARN_CONSTANT_CONVERSION = YES;
				CLANG_WARN_DEPRECATED_OBJC_IMPLEMENTATIONS = YES;
				CLANG_WARN_DIRECT_OBJC_ISA_USAGE = YES_ERROR;
				CLANG_WARN_DOCUMENTATION_COMMENTS = YES;
				CLANG_WARN_EMPTY_BODY = YES;
				CLANG_WARN_ENUM_CONVERSION = YES;
				CLANG_WARN_INFINITE_RECURSION = YES;
				CLANG_WARN_INT_CONVERSION = YES;
				CLANG_WARN_NON_LITERAL_NULL_CONVERSION = YES;
				CLANG_WARN_OBJC_IMPLICIT_RETAIN_SELF = YES;
				CLANG_WARN_OBJC_LITERAL_CONVERSION = YES;
				CLANG_WARN_OBJC_ROOT_CLASS = YES_ERROR;
				CLANG_WARN_QUOTED_INCLUDE_IN_FRAMEWORK_HEADER = YES;
				CLANG_WARN_RANGE_LOOP_ANALYSIS = YES;
				CLANG_WARN_STRICT_PROTOTYPES = YES;
				CLANG_WARN_SUSPICIOUS_MOVE = YES;
				CLANG_WARN_UNGUARDED_AVAILABILITY = YES_AGGRESSIVE;
				CLANG_WARN_UNREACHABLE_CODE = YES;
				CLANG_WARN__DUPLICATE_METHOD_MATCH = YES;
				COPY_PHASE_STRIP = NO;
				DEBUG_INFORMATION_FORMAT = "dwarf-with-dsym";
				ENABLE_NS_ASSERTIONS = NO;
				ENABLE_STRICT_OBJC_MSGSEND = YES;
				GCC_C_LANGUAGE_STANDARD = gnu11;
				GCC_NO_COMMON_BLOCKS = YES;
				GCC_WARN_64_TO_32_BIT_CONVERSION = YES;
				GCC_WARN_ABOUT_RETURN_TYPE = YES_ERROR;
				GCC_WARN_UNDECLARED_SELECTOR = YES;
				GCC_WARN_UNINITIALIZED_AUTOS = YES_AGGRESSIVE;
				GCC_WARN_UNUSED_FUNCTION = YES;
				GCC_WARN_UNUSED_VARIABLE = YES;
				IPHONEOS_DEPLOYMENT_TARGET = 16.1;
				MTL_ENABLE_DEBUG_INFO = NO;
				MTL_FAST_MATH = YES;
				SDKROOT = iphoneos;
				SWIFT_COMPILATION_MODE = wholemodule;
				SWIFT_OPTIMIZATION_LEVEL = "-O";
				VALIDATE_PRODUCT = YES;
			};
			name = Release;
		};
		2CB2BA0329367E4E00C71FD3 /* Debug */ = {
			isa = XCBuildConfiguration;
			buildSettings = {
				ASSETCATALOG_COMPILER_APPICON_NAME = AppIcon;
				ASSETCATALOG_COMPILER_GLOBAL_ACCENT_COLOR_NAME = AccentColor;
				CODE_SIGN_STYLE = Automatic;
				CURRENT_PROJECT_VERSION = 1;
				DEVELOPMENT_TEAM = 49Z33V7QZW;
				GENERATE_INFOPLIST_FILE = YES;
				INFOPLIST_FILE = Focusie/Info.plist;
				INFOPLIST_KEY_CFBundleDisplayName = Focusie;
				INFOPLIST_KEY_LSApplicationCategoryType = "public.app-category.education";
				INFOPLIST_KEY_UIApplicationSupportsIndirectInputEvents = YES;
				INFOPLIST_KEY_UILaunchStoryboardName = LaunchScreen;
				INFOPLIST_KEY_UIMainStoryboardFile = "";
				INFOPLIST_KEY_UIStatusBarStyle = UIStatusBarStyleLightContent;
				INFOPLIST_KEY_UISupportedInterfaceOrientations = UIInterfaceOrientationPortrait;
				INFOPLIST_KEY_UISupportedInterfaceOrientations_iPad = "UIInterfaceOrientationLandscapeLeft UIInterfaceOrientationLandscapeRight UIInterfaceOrientationPortrait UIInterfaceOrientationPortraitUpsideDown";
				IPHONEOS_DEPLOYMENT_TARGET = 13.0;
				LD_RUNPATH_SEARCH_PATHS = (
					"$(inherited)",
					"@executable_path/Frameworks",
				);
				MARKETING_VERSION = 1.0;
				PRODUCT_BUNDLE_IDENTIFIER = com.sameddagl.MVVM;
				PRODUCT_NAME = "$(TARGET_NAME)";
				SUPPORTED_PLATFORMS = "iphoneos iphonesimulator";
				SUPPORTS_MACCATALYST = NO;
				SUPPORTS_MAC_DESIGNED_FOR_IPHONE_IPAD = NO;
				SWIFT_EMIT_LOC_STRINGS = YES;
				SWIFT_VERSION = 5.0;
				TARGETED_DEVICE_FAMILY = 1;
			};
			name = Debug;
		};
		2CB2BA0429367E4E00C71FD3 /* Release */ = {
			isa = XCBuildConfiguration;
			buildSettings = {
				ASSETCATALOG_COMPILER_APPICON_NAME = AppIcon;
				ASSETCATALOG_COMPILER_GLOBAL_ACCENT_COLOR_NAME = AccentColor;
				CODE_SIGN_STYLE = Automatic;
				CURRENT_PROJECT_VERSION = 1;
				DEVELOPMENT_TEAM = 49Z33V7QZW;
				GENERATE_INFOPLIST_FILE = YES;
				INFOPLIST_FILE = Focusie/Info.plist;
				INFOPLIST_KEY_CFBundleDisplayName = Focusie;
				INFOPLIST_KEY_LSApplicationCategoryType = "public.app-category.education";
				INFOPLIST_KEY_UIApplicationSupportsIndirectInputEvents = YES;
				INFOPLIST_KEY_UILaunchStoryboardName = LaunchScreen;
				INFOPLIST_KEY_UIMainStoryboardFile = "";
				INFOPLIST_KEY_UIStatusBarStyle = UIStatusBarStyleLightContent;
				INFOPLIST_KEY_UISupportedInterfaceOrientations = UIInterfaceOrientationPortrait;
				INFOPLIST_KEY_UISupportedInterfaceOrientations_iPad = "UIInterfaceOrientationLandscapeLeft UIInterfaceOrientationLandscapeRight UIInterfaceOrientationPortrait UIInterfaceOrientationPortraitUpsideDown";
				IPHONEOS_DEPLOYMENT_TARGET = 13.0;
				LD_RUNPATH_SEARCH_PATHS = (
					"$(inherited)",
					"@executable_path/Frameworks",
				);
				MARKETING_VERSION = 1.0;
				PRODUCT_BUNDLE_IDENTIFIER = com.sameddagl.MVVM;
				PRODUCT_NAME = "$(TARGET_NAME)";
				SUPPORTED_PLATFORMS = "iphoneos iphonesimulator";
				SUPPORTS_MACCATALYST = NO;
				SUPPORTS_MAC_DESIGNED_FOR_IPHONE_IPAD = NO;
				SWIFT_EMIT_LOC_STRINGS = YES;
				SWIFT_VERSION = 5.0;
				TARGETED_DEVICE_FAMILY = 1;
			};
			name = Release;
		};
		2CB2BA0629367E4E00C71FD3 /* Debug */ = {
			isa = XCBuildConfiguration;
			buildSettings = {
				ALWAYS_EMBED_SWIFT_STANDARD_LIBRARIES = YES;
				BUNDLE_LOADER = "$(TEST_HOST)";
				CODE_SIGN_STYLE = Automatic;
				CURRENT_PROJECT_VERSION = 1;
				DEVELOPMENT_TEAM = 49Z33V7QZW;
				GENERATE_INFOPLIST_FILE = YES;
				IPHONEOS_DEPLOYMENT_TARGET = 16.1;
				MARKETING_VERSION = 1.0;
				PRODUCT_BUNDLE_IDENTIFIER = com.sameddagl.FocusieTests;
				PRODUCT_NAME = "$(TARGET_NAME)";
				SWIFT_EMIT_LOC_STRINGS = NO;
				SWIFT_VERSION = 5.0;
				TARGETED_DEVICE_FAMILY = "1,2";
				TEST_HOST = "$(BUILT_PRODUCTS_DIR)/Focusie.app/$(BUNDLE_EXECUTABLE_FOLDER_PATH)/Focusie";
			};
			name = Debug;
		};
		2CB2BA0729367E4E00C71FD3 /* Release */ = {
			isa = XCBuildConfiguration;
			buildSettings = {
				ALWAYS_EMBED_SWIFT_STANDARD_LIBRARIES = YES;
				BUNDLE_LOADER = "$(TEST_HOST)";
				CODE_SIGN_STYLE = Automatic;
				CURRENT_PROJECT_VERSION = 1;
				DEVELOPMENT_TEAM = 49Z33V7QZW;
				GENERATE_INFOPLIST_FILE = YES;
				IPHONEOS_DEPLOYMENT_TARGET = 16.1;
				MARKETING_VERSION = 1.0;
				PRODUCT_BUNDLE_IDENTIFIER = com.sameddagl.FocusieTests;
				PRODUCT_NAME = "$(TARGET_NAME)";
				SWIFT_EMIT_LOC_STRINGS = NO;
				SWIFT_VERSION = 5.0;
				TARGETED_DEVICE_FAMILY = "1,2";
				TEST_HOST = "$(BUILT_PRODUCTS_DIR)/Focusie.app/$(BUNDLE_EXECUTABLE_FOLDER_PATH)/Focusie";
			};
			name = Release;
		};
/* End XCBuildConfiguration section */

/* Begin XCConfigurationList section */
		2CB2B9D329367E4C00C71FD3 /* Build configuration list for PBXProject "Focusie" */ = {
			isa = XCConfigurationList;
			buildConfigurations = (
				2CB2BA0029367E4E00C71FD3 /* Debug */,
				2CB2BA0129367E4E00C71FD3 /* Release */,
			);
			defaultConfigurationIsVisible = 0;
			defaultConfigurationName = Release;
		};
		2CB2BA0229367E4E00C71FD3 /* Build configuration list for PBXNativeTarget "Focusie" */ = {
			isa = XCConfigurationList;
			buildConfigurations = (
				2CB2BA0329367E4E00C71FD3 /* Debug */,
				2CB2BA0429367E4E00C71FD3 /* Release */,
			);
			defaultConfigurationIsVisible = 0;
			defaultConfigurationName = Release;
		};
		2CB2BA0529367E4E00C71FD3 /* Build configuration list for PBXNativeTarget "FocusieTests" */ = {
			isa = XCConfigurationList;
			buildConfigurations = (
				2CB2BA0629367E4E00C71FD3 /* Debug */,
				2CB2BA0729367E4E00C71FD3 /* Release */,
			);
			defaultConfigurationIsVisible = 0;
			defaultConfigurationName = Release;
		};
/* End XCConfigurationList section */
	};
	rootObject = 2CB2B9D029367E4C00C71FD3 /* Project object */;
}
